# This file is automatically @generated by Poetry 2.3.2 and should not be changed by hand.

[[package]]
name = "alembic"
version = "1.13.1"
description = "A database migration tool for SQLAlchemy."
category = "main"
optional = false
python-versions = ">=3.8"

[package.dependencies]
SQLAlchemy = ">=1.4.0"
importlib-metadata = {version = ">=3.2", markers = "python_version < \"3.12\""}
importlib-resources = {version = ">=5.10.2", markers = "python_version < \"3.10\""}

[[package]]
name = "anyio"
version = "3.7.1"
description = "High level compatibility layer for multiple asynchronous event loops"
category = "main"
optional = false
python-versions = ">=3.7"

[package.dependencies]
idna = ">=2.8"
sniffio = ">=1.1"

[[package]]
name = "argon2-cffi"
version = "25.1.0"
description = "The secure Argon2 password hashing algorithm."
category = "main"
optional = false
python-versions = ">=3.8"

[package.dependencies]
argon2-cffi-bindings = ">=21.2"

[[package]]
name = "argon2-cffi-bindings"
version = "21.2.0"
description = "Secure Argon2 password hashing algorithm bindings"
category = "main"
optional = false
python-versions = ">=3.6"

[[package]]
name = "click"
version = "8.1.7"
description = "Composable command line interface toolkit"
category = "main"
optional = false
python-versions = ">=3.7"

[[package]]
name = "ecdsa"
version = "0.19.0"
description = "ECDSA cryptographic signature library (pure python)"
category = "main"
optional = false
python-versions = ">=3.8"

[package.dependencies]

[[package]]
name = "fastapi"
version = "0.109.0"
description = "FastAPI framework, high performance, easy to learn, fast to code, ready for production"
category = "main"
optional = false
python-versions = ">=3.8"

[package.dependencies]
anyio = ">=3.0.0,<5"
pydantic = ">=2.5.0"
starlette = ">=0.36.3,<0.37.0"

[[package]]
name = "h11"
version = "0.16.0"
description = "A pure-Python, bring-your-own-I/O implementation of HTTP/1.1"
category = "main"
optional = false
python-versions = ">=3.8"

[[package]]
name = "idna"
version = "3.7"
description = "Internationalized Domain Names in Applications (IDNA)"
category = "main"
optional = false
python-versions = ">=3.5"

[[package]]
name = "passlib"
version = "1.7.4"
description = "comprehensive password hashing framework supporting over 30 schemes"
category = "main"
optional = false
python-versions = "*"

[[package]]
name = "pydantic"
version = "2.5.0"
description = "Data validation using Python type hints"
category = "main"
optional = false
python-versions = ">=3.8"

[package.dependencies]

[[package]]
name = "pydantic-settings"
version = "2.1.0"
description = "Settings management using Pydantic"
category = "main"
optional = false
python-versions = ">=3.8"

[package.dependencies]
pydantic = ">=2.5.0"

[[package]]
name = "python-jose"
version = "3.3.0"
description = "JOSE implementation in Python"
category = "main"
optional = false
python-versions = "*"

[package.dependencies]
ecdsa = ">=0.15"
python-rsa = ">=3.1.4"

[[package]]
name = "python-multipart"
version = "0.0.6"
description = "A streaming multipart parser for Python"
category = "main"
optional = false
python-versions = "*"

[[package]]
name = "python-rsa"
version = "4.9"
description = "Pure-Python RSA implementation"
category = "main"
optional = false
python-versions = ">=3.5"

[[package]]
name = "sniffio"
version = "1.3.1"
description = "Detect the async environment"
category = "main"
optional = false
python-versions = ">=3.7"

[[package]]
name = "sqlalchemy"
version = "2.0.23"
description = "Database Abstraction Library"
category = "main"
optional = false
python-versions = ">=3.8"

[package.dependencies]
typing-extensions = ">=4.2.0"

[[package]]
name = "starlette"
version = "0.36.3"
description = "The little ASGI library that shines. 🌟"
category = "main"
optional = false
python-versions = ">=3.8"

[package.dependencies]
anyio = ">=3.4.0,<5"

[[package]]
name = "typing-extensions"
version = "4.8.0"
description = "Backported and Experimental Type Hints for Python 3.8+"
category = "main"
optional = false
python-versions = ">=3.8"

[[package]]
name = "uvicorn"
version = "0.24.0"
description = "The lightning-fast ASGI server."
category = "main"
optional = false
python-versions = ">=3.8"

[package.dependencies]
click = ">=7.0"
h11 = ">=0.8"

[package.extras]
standard = ["httptools", "python-dotenv", "pyyaml", "uvloop", "watchfiles"]

[metadata]
lock-version = "2.0"
python-versions = "^3.9"
content-hash = "6d5e8b2e3c0e9a7f7d5d3b1b6f7a0c5e8b2e3c0e9a7f7d5d3b1b6f7a0c5e8b2e3"

[metadata.files]
alembic = []
anyio = []
argon2-cffi = []
argon2-cffi-bindings = []
click = []
ecdsa = []
fastapi = []
h11 = []
idna = []
passlib = []
pydantic = []
pydantic-settings = []
python-jose = []
python-multipart = []
python-rsa = []
sniffio = []
sqlalchemy = []
starlette = []
typing-extensions = []
uvicorn = []